
Microsoft Visual Studio Solution File, Format Version 12.00
# Visual Studio Version 17
VisualStudioVersion = 17.13.35919.96 d17.13
MinimumVisualStudioVersion = 10.0.40219.1
Project("{FAE04EC0-301F-11D3-BF4B-00C04F79EFBC}") = "SchoolManagementSystem", "SchoolManagementSystem\SchoolManagementSystem.csproj", "{EB1869FF-322A-48C9-87E2-1C1925D99EA3}"
EndProject
Global
	GlobalSection(SolutionConfigurationPlatforms) = preSolution
		Debug|Any CPU = Debug|Any CPU
		Release|Any CPU = Release|Any CPU
	EndGlobalSection
	GlobalSection(ProjectConfigurationPlatforms) = postSolution
		{EB1869FF-322A-48C9-87E2-1C1925D99EA3}.Debug|Any CPU.ActiveCfg = Debug|Any CPU
		{EB1869FF-322A-48C9-87E2-1C1925D99EA3}.Debug|Any CPU.Build.0 = Debug|Any CPU
		{EB1869FF-322A-48C9-87E2-1C1925D99EA3}.Release|Any CPU.ActiveCfg = Release|Any CPU
		{EB1869FF-322A-48C9-87E2-1C1925D99EA3}.Release|Any CPU.Build.0 = Release|Any CPU
	EndGlobalSection
	GlobalSection(SolutionProperties) = preSolution
		HideSolutionNode = FALSE
	EndGlobalSection
	GlobalSection(ExtensibilityGlobals) = postSolution
		SolutionGuid = {B77F5D66-1E01-450F-9103-2194686A54A2}
	EndGlobalSection
EndGlobal
